
Microsoft Visual Studio Solution File, Format Version 12.00
# Visual Studio 14
VisualStudioVersion = 14.0.25420.1
MinimumVisualStudioVersion = 10.0.40219.1
Project("{F2A71F9B-5D33-465A-A702-920D77279786}") = "ConnectFour", "ConnectFour\ConnectFour.fsproj", "{AB729710-C7A7-4966-910D-79F414DF5AB6}"
EndProject
Project("{F2A71F9B-5D33-465A-A702-920D77279786}") = "Console", "Console\Console.fsproj", "{1987F418-2AEA-4559-A849-31E60ED5713C}"
EndProject
Global
	GlobalSection(SolutionConfigurationPlatforms) = preSolution
		Debug|Any CPU = Debug|Any CPU
		Release|Any CPU = Release|Any CPU
	EndGlobalSection
	GlobalSection(ProjectConfigurationPlatforms) = postSolution
		{AB729710-C7A7-4966-910D-79F414DF5AB6}.Debug|Any CPU.ActiveCfg = Debug|Any CPU
		{AB729710-C7A7-4966-910D-79F414DF5AB6}.Debug|Any CPU.Build.0 = Debug|Any CPU
		{AB729710-C7A7-4966-910D-79F414DF5AB6}.Release|Any CPU.ActiveCfg = Release|Any CPU
		{AB729710-C7A7-4966-910D-79F414DF5AB6}.Release|Any CPU.Build.0 = Release|Any CPU
		{1987F418-2AEA-4559-A849-31E60ED5713C}.Debug|Any CPU.ActiveCfg = Debug|Any CPU
		{1987F418-2AEA-4559-A849-31E60ED5713C}.Debug|Any CPU.Build.0 = Debug|Any CPU
		{1987F418-2AEA-4559-A849-31E60ED5713C}.Release|Any CPU.ActiveCfg = Release|Any CPU
		{1987F418-2AEA-4559-A849-31E60ED5713C}.Release|Any CPU.Build.0 = Release|Any CPU
	EndGlobalSection
	GlobalSection(SolutionProperties) = preSolution
		HideSolutionNode = FALSE
	EndGlobalSection
EndGlobal
